
Microsoft Visual Studio Solution File, Format Version 12.00
# Visual Studio Version 17
VisualStudioVersion = 17.1.32228.430
MinimumVisualStudioVersion = 10.0.40219.1
Project("{FAE04EC0-301F-11D3-BF4B-00C04F79EFBC}") = "Instrucciones_Goto", "Instrucciones_Goto\Instrucciones_Goto.csproj", "{D6D460FE-4A44-44B6-8A70-90210D5F1F3A}"
EndProject
Global
	GlobalSection(SolutionConfigurationPlatforms) = preSolution
		Debug|Any CPU = Debug|Any CPU
		Release|Any CPU = Release|Any CPU
	EndGlobalSection
	GlobalSection(ProjectConfigurationPlatforms) = postSolution
		{D6D460FE-4A44-44B6-8A70-90210D5F1F3A}.Debug|Any CPU.ActiveCfg = Debug|Any CPU
		{D6D460FE-4A44-44B6-8A70-90210D5F1F3A}.Debug|Any CPU.Build.0 = Debug|Any CPU
		{D6D460FE-4A44-44B6-8A70-90210D5F1F3A}.Release|Any CPU.ActiveCfg = Release|Any CPU
		{D6D460FE-4A44-44B6-8A70-90210D5F1F3A}.Release|Any CPU.Build.0 = Release|Any CPU
	EndGlobalSection
	GlobalSection(SolutionProperties) = preSolution
		HideSolutionNode = FALSE
	EndGlobalSection
	GlobalSection(ExtensibilityGlobals) = postSolution
		SolutionGuid = {DC3DFE28-E096-45EC-9F03-ED63371DD30C}
	EndGlobalSection
EndGlobal
